
Microsoft Visual Studio Solution File, Format Version 12.00
# Visual Studio Version 18
VisualStudioVersion = 18.0.11205.157
MinimumVisualStudioVersion = 10.0.40219.1
Project("{2150E333-8FDC-42A3-9474-1A3956D46DE8}") = "Services", "Services", "{02EA681E-C7D8-13C7-8484-4AC65E1B71E8}"
EndProject
Project("{2150E333-8FDC-42A3-9474-1A3956D46DE8}") = "Catalog", "Catalog", "{3448857A-B629-497F-9A56-16DE7DD3382F}"
EndProject
Project("{FAE04EC0-301F-11D3-BF4B-00C04F79EFBC}") = "Catalog.API", "Services\Catalog\Catalog.API\Catalog.API.csproj", "{DB408080-0A49-4F0E-96A8-A87FAA708E55}"
EndProject
Project("{2150E333-8FDC-42A3-9474-1A3956D46DE8}") = "BuildingBlocks", "BuildingBlocks", "{C7271044-F49B-4D2A-8CE5-D75A8E68597C}"
EndProject
Project("{FAE04EC0-301F-11D3-BF4B-00C04F79EFBC}") = "BuildingBlocks", "BuildingBlocks\BuildingBlocks\BuildingBlocks.csproj", "{DE7A0D42-E86B-4A61-A4C0-423EEB24FE81}"
EndProject
Project("{E53339B2-1760-4266-BCC7-CA923CBCF16C}") = "docker-compose", "docker-compose.dcproj", "{81DDED9D-158B-E303-5F62-77A2896D2A5A}"
EndProject
Project("{2150E333-8FDC-42A3-9474-1A3956D46DE8}") = "Basket", "Basket", "{730835BC-29A6-45AA-9B99-2BBDFC084ACA}"
EndProject
Project("{FAE04EC0-301F-11D3-BF4B-00C04F79EFBC}") = "Basket.API", "Services\Basket\Basket.API\Basket.API.csproj", "{BF8BA573-1123-482E-AFF6-807CD9CAB653}"
EndProject
Project("{2150E333-8FDC-42A3-9474-1A3956D46DE8}") = "Discount", "Discount", "{1CC16AC0-1C6E-413C-BA91-28C41D442CB9}"
EndProject
Project("{FAE04EC0-301F-11D3-BF4B-00C04F79EFBC}") = "Discount.Grpc", "Services\Discount\Discount.Grpc\Discount.Grpc.csproj", "{11128097-2948-4C6E-BE85-EE962C5B979F}"
EndProject
Project("{2150E333-8FDC-42A3-9474-1A3956D46DE8}") = "Ordering", "Ordering", "{2B035902-8BDE-4B70-A7FA-7CBA6EEE3D5D}"
EndProject
Project("{FAE04EC0-301F-11D3-BF4B-00C04F79EFBC}") = "Ordering.API", "Services\Ordering\Ordering.API\Ordering.API.csproj", "{7DFBC8F3-37C9-4CCD-B479-C1E7927BEA13}"
EndProject
Project("{FAE04EC0-301F-11D3-BF4B-00C04F79EFBC}") = "Ordering.Domain", "Services\Ordering\Ordering.Domain\Ordering.Domain.csproj", "{ACF9C722-C918-44EB-BA03-6C1940DD91AB}"
EndProject
Project("{FAE04EC0-301F-11D3-BF4B-00C04F79EFBC}") = "Ordering.Application", "Services\Ordering\Ordering.Application\Ordering.Application.csproj", "{40A3C70E-0B4F-43DF-9B52-DED3E382A1AD}"
EndProject
Project("{FAE04EC0-301F-11D3-BF4B-00C04F79EFBC}") = "Ordering.Infrastructure", "Services\Ordering\Ordering.Infrastructure\Ordering.Infrastructure.csproj", "{E25B928C-BDC6-459B-A9DC-F0CD4D272911}"
EndProject
Project("{FAE04EC0-301F-11D3-BF4B-00C04F79EFBC}") = "BuildingBlocks.Messaging", "BuildingBlocks\BuildingBlocks.Messaging\BuildingBlocks.Messaging.csproj", "{3ED7AC20-43DE-4CEC-9468-615DA71FEDA9}"
EndProject
Project("{2150E333-8FDC-42A3-9474-1A3956D46DE8}") = "ApiGateway", "ApiGateway", "{6B31EC0E-ADF9-4CC7-B06E-6B37C1CF0AE8}"
EndProject
Project("{FAE04EC0-301F-11D3-BF4B-00C04F79EFBC}") = "YarpApiGateway", "ApiGateway\YarpApiGateway\YarpApiGateway.csproj", "{5FDB01D4-9075-4D59-B786-11653FE80ED4}"
EndProject
Project("{2150E333-8FDC-42A3-9474-1A3956D46DE8}") = "WebApps", "WebApps", "{6EA523E0-2B2A-4F34-92C5-6E6FFF0AA251}"
EndProject
Project("{FAE04EC0-301F-11D3-BF4B-00C04F79EFBC}") = "Shopping.Web", "WebApps\Shopping.Web\Shopping.Web.csproj", "{F33A627A-F19F-4230-8C1B-3592C34D8D64}"
EndProject
Global
	GlobalSection(SolutionConfigurationPlatforms) = preSolution
		Debug|Any CPU = Debug|Any CPU
		Release|Any CPU = Release|Any CPU
	EndGlobalSection
	GlobalSection(ProjectConfigurationPlatforms) = postSolution
		{DB408080-0A49-4F0E-96A8-A87FAA708E55}.Debug|Any CPU.ActiveCfg = Debug|Any CPU
		{DB408080-0A49-4F0E-96A8-A87FAA708E55}.Debug|Any CPU.Build.0 = Debug|Any CPU
		{DB408080-0A49-4F0E-96A8-A87FAA708E55}.Release|Any CPU.ActiveCfg = Release|Any CPU
		{DB408080-0A49-4F0E-96A8-A87FAA708E55}.Release|Any CPU.Build.0 = Release|Any CPU
		{DE7A0D42-E86B-4A61-A4C0-423EEB24FE81}.Debug|Any CPU.ActiveCfg = Debug|Any CPU
		{DE7A0D42-E86B-4A61-A4C0-423EEB24FE81}.Debug|Any CPU.Build.0 = Debug|Any CPU
		{DE7A0D42-E86B-4A61-A4C0-423EEB24FE81}.Release|Any CPU.ActiveCfg = Release|Any CPU
		{DE7A0D42-E86B-4A61-A4C0-423EEB24FE81}.Release|Any CPU.Build.0 = Release|Any CPU
		{81DDED9D-158B-E303-5F62-77A2896D2A5A}.Debug|Any CPU.ActiveCfg = Debug|Any CPU
		{81DDED9D-158B-E303-5F62-77A2896D2A5A}.Debug|Any CPU.Build.0 = Debug|Any CPU
		{81DDED9D-158B-E303-5F62-77A2896D2A5A}.Release|Any CPU.ActiveCfg = Release|Any CPU
		{81DDED9D-158B-E303-5F62-77A2896D2A5A}.Release|Any CPU.Build.0 = Release|Any CPU
		{BF8BA573-1123-482E-AFF6-807CD9CAB653}.Debug|Any CPU.ActiveCfg = Debug|Any CPU
		{BF8BA573-1123-482E-AFF6-807CD9CAB653}.Debug|Any CPU.Build.0 = Debug|Any CPU
		{BF8BA573-1123-482E-AFF6-807CD9CAB653}.Release|Any CPU.ActiveCfg = Release|Any CPU
		{BF8BA573-1123-482E-AFF6-807CD9CAB653}.Release|Any CPU.Build.0 = Release|Any CPU
		{11128097-2948-4C6E-BE85-EE962C5B979F}.Debug|Any CPU.ActiveCfg = Debug|Any CPU
		{11128097-2948-4C6E-BE85-EE962C5B979F}.Debug|Any CPU.Build.0 = Debug|Any CPU
		{11128097-2948-4C6E-BE85-EE962C5B979F}.Release|Any CPU.ActiveCfg = Release|Any CPU
		{11128097-2948-4C6E-BE85-EE962C5B979F}.Release|Any CPU.Build.0 = Release|Any CPU
		{7DFBC8F3-37C9-4CCD-B479-C1E7927BEA13}.Debug|Any CPU.ActiveCfg = Debug|Any CPU
		{7DFBC8F3-37C9-4CCD-B479-C1E7927BEA13}.Debug|Any CPU.Build.0 = Debug|Any CPU
		{7DFBC8F3-37C9-4CCD-B479-C1E7927BEA13}.Release|Any CPU.ActiveCfg = Release|Any CPU
		{7DFBC8F3-37C9-4CCD-B479-C1E7927BEA13}.Release|Any CPU.Build.0 = Release|Any CPU
		{ACF9C722-C918-44EB-BA03-6C1940DD91AB}.Debug|Any CPU.ActiveCfg = Debug|Any CPU
		{ACF9C722-C918-44EB-BA03-6C1940DD91AB}.Debug|Any CPU.Build.0 = Debug|Any CPU
		{ACF9C722-C918-44EB-BA03-6C1940DD91AB}.Release|Any CPU.ActiveCfg = Release|Any CPU
		{ACF9C722-C918-44EB-BA03-6C1940DD91AB}.Release|Any CPU.Build.0 = Release|Any CPU
		{40A3C70E-0B4F-43DF-9B52-DED3E382A1AD}.Debug|Any CPU.ActiveCfg = Debug|Any CPU
		{40A3C70E-0B4F-43DF-9B52-DED3E382A1AD}.Debug|Any CPU.Build.0 = Debug|Any CPU
		{40A3C70E-0B4F-43DF-9B52-DED3E382A1AD}.Release|Any CPU.ActiveCfg = Release|Any CPU
		{40A3C70E-0B4F-43DF-9B52-DED3E382A1AD}.Release|Any CPU.Build.0 = Release|Any CPU
		{E25B928C-BDC6-459B-A9DC-F0CD4D272911}.Debug|Any CPU.ActiveCfg = Debug|Any CPU
		{E25B928C-BDC6-459B-A9DC-F0CD4D272911}.Debug|Any CPU.Build.0 = Debug|Any CPU
		{E25B928C-BDC6-459B-A9DC-F0CD4D272911}.Release|Any CPU.ActiveCfg = Release|Any CPU
		{E25B928C-BDC6-459B-A9DC-F0CD4D272911}.Release|Any CPU.Build.0 = Release|Any CPU
		{3ED7AC20-43DE-4CEC-9468-615DA71FEDA9}.Debug|Any CPU.ActiveCfg = Debug|Any CPU
		{3ED7AC20-43DE-4CEC-9468-615DA71FEDA9}.Debug|Any CPU.Build.0 = Debug|Any CPU
		{3ED7AC20-43DE-4CEC-9468-615DA71FEDA9}.Release|Any CPU.ActiveCfg = Release|Any CPU
		{3ED7AC20-43DE-4CEC-9468-615DA71FEDA9}.Release|Any CPU.Build.0 = Release|Any CPU
		{5FDB01D4-9075-4D59-B786-11653FE80ED4}.Debug|Any CPU.ActiveCfg = Debug|Any CPU
		{5FDB01D4-9075-4D59-B786-11653FE80ED4}.Debug|Any CPU.Build.0 = Debug|Any CPU
		{5FDB01D4-9075-4D59-B786-11653FE80ED4}.Release|Any CPU.ActiveCfg = Release|Any CPU
		{5FDB01D4-9075-4D59-B786-11653FE80ED4}.Release|Any CPU.Build.0 = Release|Any CPU
		{F33A627A-F19F-4230-8C1B-3592C34D8D64}.Debug|Any CPU.ActiveCfg = Debug|Any CPU
		{F33A627A-F19F-4230-8C1B-3592C34D8D64}.Debug|Any CPU.Build.0 = Debug|Any CPU
		{F33A627A-F19F-4230-8C1B-3592C34D8D64}.Release|Any CPU.ActiveCfg = Release|Any CPU
		{F33A627A-F19F-4230-8C1B-3592C34D8D64}.Release|Any CPU.Build.0 = Release|Any CPU
	EndGlobalSection
	GlobalSection(SolutionProperties) = preSolution
		HideSolutionNode = FALSE
	EndGlobalSection
	GlobalSection(NestedProjects) = preSolution
		{3448857A-B629-497F-9A56-16DE7DD3382F} = {02EA681E-C7D8-13C7-8484-4AC65E1B71E8}
		{DB408080-0A49-4F0E-96A8-A87FAA708E55} = {3448857A-B629-497F-9A56-16DE7DD3382F}
		{DE7A0D42-E86B-4A61-A4C0-423EEB24FE81} = {C7271044-F49B-4D2A-8CE5-D75A8E68597C}
		{730835BC-29A6-45AA-9B99-2BBDFC084ACA} = {02EA681E-C7D8-13C7-8484-4AC65E1B71E8}
		{BF8BA573-1123-482E-AFF6-807CD9CAB653} = {730835BC-29A6-45AA-9B99-2BBDFC084ACA}
		{1CC16AC0-1C6E-413C-BA91-28C41D442CB9} = {02EA681E-C7D8-13C7-8484-4AC65E1B71E8}
		{11128097-2948-4C6E-BE85-EE962C5B979F} = {1CC16AC0-1C6E-413C-BA91-28C41D442CB9}
		{2B035902-8BDE-4B70-A7FA-7CBA6EEE3D5D} = {02EA681E-C7D8-13C7-8484-4AC65E1B71E8}
		{7DFBC8F3-37C9-4CCD-B479-C1E7927BEA13} = {2B035902-8BDE-4B70-A7FA-7CBA6EEE3D5D}
		{ACF9C722-C918-44EB-BA03-6C1940DD91AB} = {2B035902-8BDE-4B70-A7FA-7CBA6EEE3D5D}
		{40A3C70E-0B4F-43DF-9B52-DED3E382A1AD} = {2B035902-8BDE-4B70-A7FA-7CBA6EEE3D5D}
		{E25B928C-BDC6-459B-A9DC-F0CD4D272911} = {2B035902-8BDE-4B70-A7FA-7CBA6EEE3D5D}
		{3ED7AC20-43DE-4CEC-9468-615DA71FEDA9} = {C7271044-F49B-4D2A-8CE5-D75A8E68597C}
		{5FDB01D4-9075-4D59-B786-11653FE80ED4} = {6B31EC0E-ADF9-4CC7-B06E-6B37C1CF0AE8}
		{F33A627A-F19F-4230-8C1B-3592C34D8D64} = {6EA523E0-2B2A-4F34-92C5-6E6FFF0AA251}
	EndGlobalSection
	GlobalSection(ExtensibilityGlobals) = postSolution
		SolutionGuid = {9303A3BD-31A5-4E47-948C-BDCC8944F02B}
	EndGlobalSection
EndGlobal
